
Microsoft Visual Studio Solution File, Format Version 12.00
# Visual Studio 2012
Project("{FAE04EC0-301F-11D3-BF4B-00C04F79EFBC}") = "ScaleOut.Publisher", "ScaleOut.Publisher\ScaleOut.Publisher.csproj", "{703EBC50-B9F5-4DC9-9DED-D8A15108B755}"
EndProject
Project("{FAE04EC0-301F-11D3-BF4B-00C04F79EFBC}") = "ScaleOut.Messages", "ScaleOut.Messages\ScaleOut.Messages.csproj", "{48D2DAD3-0381-4368-8540-9B54C85C63F1}"
EndProject
Project("{FAE04EC0-301F-11D3-BF4B-00C04F79EFBC}") = "ScaleOut.Worker.One", "ScaleOut.Worker.One\ScaleOut.Worker.One.csproj", "{9401A4DC-6C87-4CFE-80F3-C3E36020874D}"
EndProject
Project("{FAE04EC0-301F-11D3-BF4B-00C04F79EFBC}") = "ScaleOut.Worker.Two", "ScaleOut.Worker.Two\ScaleOut.Worker.Two.csproj", "{7B33C830-D9FE-4220-B5B9-790C282A18B5}"
EndProject
Project("{FAE04EC0-301F-11D3-BF4B-00C04F79EFBC}") = "ScaleOut.Worker.Three", "ScaleOut.Worker.Three\ScaleOut.Worker.Three.csproj", "{A042E1C2-8093-4FC8-85FC-A2DD47D07A04}"
EndProject
Project("{2150E333-8FDC-42A3-9474-1A3956D46DE8}") = ".nuget", ".nuget", "{FC4651E1-6BD7-497C-AD92-4DB22D6CD5E5}"
	ProjectSection(SolutionItems) = preProject
		.nuget\NuGet.Config = .nuget\NuGet.Config
		.nuget\NuGet.exe = .nuget\NuGet.exe
		.nuget\NuGet.targets = .nuget\NuGet.targets
	EndProjectSection
EndProject
Global
	GlobalSection(SolutionConfigurationPlatforms) = preSolution
		Debug|Any CPU = Debug|Any CPU
		Release|Any CPU = Release|Any CPU
	EndGlobalSection
	GlobalSection(ProjectConfigurationPlatforms) = postSolution
		{703EBC50-B9F5-4DC9-9DED-D8A15108B755}.Debug|Any CPU.ActiveCfg = Debug|Any CPU
		{703EBC50-B9F5-4DC9-9DED-D8A15108B755}.Debug|Any CPU.Build.0 = Debug|Any CPU
		{703EBC50-B9F5-4DC9-9DED-D8A15108B755}.Release|Any CPU.ActiveCfg = Release|Any CPU
		{703EBC50-B9F5-4DC9-9DED-D8A15108B755}.Release|Any CPU.Build.0 = Release|Any CPU
		{48D2DAD3-0381-4368-8540-9B54C85C63F1}.Debug|Any CPU.ActiveCfg = Debug|Any CPU
		{48D2DAD3-0381-4368-8540-9B54C85C63F1}.Debug|Any CPU.Build.0 = Debug|Any CPU
		{48D2DAD3-0381-4368-8540-9B54C85C63F1}.Release|Any CPU.ActiveCfg = Release|Any CPU
		{48D2DAD3-0381-4368-8540-9B54C85C63F1}.Release|Any CPU.Build.0 = Release|Any CPU
		{9401A4DC-6C87-4CFE-80F3-C3E36020874D}.Debug|Any CPU.ActiveCfg = Debug|Any CPU
		{9401A4DC-6C87-4CFE-80F3-C3E36020874D}.Debug|Any CPU.Build.0 = Debug|Any CPU
		{9401A4DC-6C87-4CFE-80F3-C3E36020874D}.Release|Any CPU.ActiveCfg = Release|Any CPU
		{9401A4DC-6C87-4CFE-80F3-C3E36020874D}.Release|Any CPU.Build.0 = Release|Any CPU
		{7B33C830-D9FE-4220-B5B9-790C282A18B5}.Debug|Any CPU.ActiveCfg = Debug|Any CPU
		{7B33C830-D9FE-4220-B5B9-790C282A18B5}.Debug|Any CPU.Build.0 = Debug|Any CPU
		{7B33C830-D9FE-4220-B5B9-790C282A18B5}.Release|Any CPU.ActiveCfg = Release|Any CPU
		{7B33C830-D9FE-4220-B5B9-790C282A18B5}.Release|Any CPU.Build.0 = Release|Any CPU
		{A042E1C2-8093-4FC8-85FC-A2DD47D07A04}.Debug|Any CPU.ActiveCfg = Debug|Any CPU
		{A042E1C2-8093-4FC8-85FC-A2DD47D07A04}.Debug|Any CPU.Build.0 = Debug|Any CPU
		{A042E1C2-8093-4FC8-85FC-A2DD47D07A04}.Release|Any CPU.ActiveCfg = Release|Any CPU
		{A042E1C2-8093-4FC8-85FC-A2DD47D07A04}.Release|Any CPU.Build.0 = Release|Any CPU
	EndGlobalSection
	GlobalSection(SolutionProperties) = preSolution
		HideSolutionNode = FALSE
	EndGlobalSection
EndGlobal
